
Microsoft Visual Studio Solution File, Format Version 12.00
Project("{FAE04EC0-301F-11D3-BF4B-00C04F79EFBC}") = "Toybot", "Toybot\Toybot.csproj", "{119863F6-1C25-4720-8A37-2407362130BD}"
EndProject
Global
	GlobalSection(SolutionConfigurationPlatforms) = preSolution
		Debug|Any CPU = Debug|Any CPU
		Release|Any CPU = Release|Any CPU
	EndGlobalSection
	GlobalSection(ProjectConfigurationPlatforms) = postSolution
		{119863F6-1C25-4720-8A37-2407362130BD}.Debug|Any CPU.ActiveCfg = Debug|Any CPU
		{119863F6-1C25-4720-8A37-2407362130BD}.Debug|Any CPU.Build.0 = Debug|Any CPU
		{119863F6-1C25-4720-8A37-2407362130BD}.Release|Any CPU.ActiveCfg = Release|Any CPU
		{119863F6-1C25-4720-8A37-2407362130BD}.Release|Any CPU.Build.0 = Release|Any CPU
	EndGlobalSection
EndGlobal
